# This file is generated by running "yarn install" inside your project.
# Manual changes might be lost - proceed with caution!

__metadata:
  version: 6
  cacheKey: 8

"@cspotcode/source-map-consumer@npm:0.8.0":
  version: 0.8.0
  resolution: "@cspotcode/source-map-consumer@npm:0.8.0"
  checksum: c0c16ca3d2f58898f1bd74c4f41a189dbcc202e642e60e489cbcc2e52419c4e89bdead02c886a12fb13ea37798ede9e562b2321df997ebc210ae9bd881561b4e
  languageName: node
  linkType: hard

"@cspotcode/source-map-support@npm:0.7.0":
  version: 0.7.0
  resolution: "@cspotcode/source-map-support@npm:0.7.0"
  dependencies:
    "@cspotcode/source-map-consumer": 0.8.0
  checksum: 9faddda7757cd778b5fd6812137b2cc265810043680d6399acc20441668fafcdc874053be9dccd0d9110087287bfad27eb3bf342f72bceca9aa9059f5d0c4be8
  languageName: node
  linkType: hard

"@jest/types@npm:^27.5.1":
  version: 27.5.1
  resolution: "@jest/types@npm:27.5.1"
  dependencies:
    "@types/istanbul-lib-coverage": ^2.0.0
    "@types/istanbul-reports": ^3.0.0
    "@types/node": "*"
    "@types/yargs": ^16.0.0
    chalk: ^4.0.0
  checksum: d1f43cc946d87543ddd79d49547aab2399481d34025d5c5f2025d3d99c573e1d9832fa83cef25e9d9b07a8583500229d15bbb07b8e233d127d911d133e2f14b1
  languageName: node
  linkType: hard

"@pinata/sdk@npm:^1.1.24":
  version: 1.1.24
  resolution: "@pinata/sdk@npm:1.1.24"
  dependencies:
    axios: ^0.21.1
    base-path-converter: ^1.0.2
    form-data: ^2.3.3
    is-ipfs: ^0.6.0
    recursive-fs: ^1.1.2
  checksum: 5e367c041366905e56d7c17d237830f1c2ce2f04dd1ee5391c8949d84f8f1e0bb69d683ad4f1a74785e64ed096c9423ac380af8372d339a0b5da65be8b800ff7
  languageName: node
  linkType: hard

"@tsconfig/node10@npm:^1.0.7":
  version: 1.0.8
  resolution: "@tsconfig/node10@npm:1.0.8"
  checksum: b8d5fffbc6b17ef64ef74f7fdbccee02a809a063ade785c3648dae59406bc207f70ea2c4296f92749b33019fa36a5ae716e42e49cc7f1bbf0fd147be0d6b970a
  languageName: node
  linkType: hard

"@tsconfig/node12@npm:^1.0.7":
  version: 1.0.9
  resolution: "@tsconfig/node12@npm:1.0.9"
  checksum: a01b2400ab3582b86b589c6d31dcd0c0656f333adecde85d6d7d4086adb059808b82692380bb169546d189bf771ae21d02544a75b57bd6da4a5dd95f8567bec9
  languageName: node
  linkType: hard

"@tsconfig/node14@npm:^1.0.0":
  version: 1.0.1
  resolution: "@tsconfig/node14@npm:1.0.1"
  checksum: 976345e896c0f059867f94f8d0f6ddb8b1844fb62bf36b727de8a9a68f024857e5db97ed51d3325e23e0616a5e48c034ff51a8d595b3fe7e955f3587540489be
  languageName: node
  linkType: hard

"@tsconfig/node16@npm:^1.0.2":
  version: 1.0.2
  resolution: "@tsconfig/node16@npm:1.0.2"
  checksum: ca94d3639714672bbfd55f03521d3f56bb6a25479bd425da81faf21f13e1e9d15f40f97377dedbbf477a5841c5b0c8f4cd1b391f33553d750b9202c54c2c07aa
  languageName: node
  linkType: hard

"@types/eslint@npm:^8":
  version: 8.4.1
  resolution: "@types/eslint@npm:8.4.1"
  dependencies:
    "@types/estree": "*"
    "@types/json-schema": "*"
  checksum: b5790997ee9d3820d16350192d41849b0e2448c9e93650acac672ddf502e35c0a5a25547172a9eec840a96687cd94ba1cee672cbd86640f8f4ff1b65960d2ab9
  languageName: node
  linkType: hard

"@types/estree@npm:*":
  version: 0.0.51
  resolution: "@types/estree@npm:0.0.51"
  checksum: e56a3bcf759fd9185e992e7fdb3c6a5f81e8ff120e871641607581fb3728d16c811702a7d40fa5f869b7f7b4437ab6a87eb8d98ffafeee51e85bbe955932a189
  languageName: node
  linkType: hard

"@types/istanbul-lib-coverage@npm:*, @types/istanbul-lib-coverage@npm:^2.0.0":
  version: 2.0.4
  resolution: "@types/istanbul-lib-coverage@npm:2.0.4"
  checksum: a25d7589ee65c94d31464c16b72a9dc81dfa0bea9d3e105ae03882d616e2a0712a9c101a599ec482d297c3591e16336962878cb3eb1a0a62d5b76d277a890ce7
  languageName: node
  linkType: hard

"@types/istanbul-lib-report@npm:*":
  version: 3.0.0
  resolution: "@types/istanbul-lib-report@npm:3.0.0"
  dependencies:
    "@types/istanbul-lib-coverage": "*"
  checksum: 656398b62dc288e1b5226f8880af98087233cdb90100655c989a09f3052b5775bf98ba58a16c5ae642fb66c61aba402e07a9f2bff1d1569e3b306026c59f3f36
  languageName: node
  linkType: hard

"@types/istanbul-reports@npm:^3.0.0":
  version: 3.0.1
  resolution: "@types/istanbul-reports@npm:3.0.1"
  dependencies:
    "@types/istanbul-lib-report": "*"
  checksum: f1ad54bc68f37f60b30c7915886b92f86b847033e597f9b34f2415acdbe5ed742fa559a0a40050d74cdba3b6a63c342cac1f3a64dba5b68b66a6941f4abd7903
  languageName: node
  linkType: hard

"@types/json-schema@npm:*":
  version: 7.0.11
  resolution: "@types/json-schema@npm:7.0.11"
  checksum: 527bddfe62db9012fccd7627794bd4c71beb77601861055d87e3ee464f2217c85fca7a4b56ae677478367bbd248dbde13553312b7d4dbc702a2f2bbf60c4018d
  languageName: node
  linkType: hard

"@types/json5@npm:^0.0.29":
  version: 0.0.29
  resolution: "@types/json5@npm:0.0.29"
  checksum: e60b153664572116dfea673c5bda7778dbff150498f44f998e34b5886d8afc47f16799280e4b6e241c0472aef1bc36add771c569c68fc5125fc2ae519a3eb9ac
  languageName: node
  linkType: hard

"@types/node@npm:*, @types/node@npm:^17.0.21":
  version: 17.0.23
  resolution: "@types/node@npm:17.0.23"
  checksum: a3517554737cbb042e76c30d0e5482192ac4d9bea0eeb086e2622d9cabf460a0eb52a696b99fcd18e7fcc93c96db6cc7ae507f6608f256ef0b5c1d8c87a5a470
  languageName: node
  linkType: hard

"@types/prettier@npm:^2":
  version: 2.4.4
  resolution: "@types/prettier@npm:2.4.4"
  checksum: 2c2cc57efd49c7d8907415a72f96c84a6dd8696dd3bf8aa4ca3a667427bebf71cbfbc912673624bdfc935d272d1c008c639cf155f6449315990a4dc110f0d216
  languageName: node
  linkType: hard

"@types/yargs-parser@npm:*":
  version: 21.0.0
  resolution: "@types/yargs-parser@npm:21.0.0"
  checksum: b2f4c8d12ac18a567440379909127cf2cec393daffb73f246d0a25df36ea983b93b7e9e824251f959e9f928cbc7c1aab6728d0a0ff15d6145f66cec2be67d9a2
  languageName: node
  linkType: hard

"@types/yargs@npm:^16.0.0":
  version: 16.0.4
  resolution: "@types/yargs@npm:16.0.4"
  dependencies:
    "@types/yargs-parser": "*"
  checksum: caa21d2c957592fe2184a8368c8cbe5a82a6c2e2f2893722e489f842dc5963293d2f3120bc06fe3933d60a3a0d1e2eb269649fd6b1947fe1820f8841ba611dd9
  languageName: node
  linkType: hard

"acorn-walk@npm:^8.1.1":
  version: 8.2.0
  resolution: "acorn-walk@npm:8.2.0"
  checksum: 1715e76c01dd7b2d4ca472f9c58968516a4899378a63ad5b6c2d668bba8da21a71976c14ec5f5b75f887b6317c4ae0b897ab141c831d741dc76024d8745f1ad1
  languageName: node
  linkType: hard

"acorn@npm:^8.4.1":
  version: 8.7.0
  resolution: "acorn@npm:8.7.0"
  bin:
    acorn: bin/acorn
  checksum: e0f79409d68923fbf1aa6d4166f3eedc47955320d25c89a20cc822e6ba7c48c5963d5bc657bc242d68f7a4ac9faf96eef033e8f73656da6c640d4219935fdfd0
  languageName: node
  linkType: hard

"ansi-styles@npm:^4.1.0":
  version: 4.3.0
  resolution: "ansi-styles@npm:4.3.0"
  dependencies:
    color-convert: ^2.0.1
  checksum: 513b44c3b2105dd14cc42a19271e80f386466c4be574bccf60b627432f9198571ebf4ab1e4c3ba17347658f4ee1711c163d574248c0c1cdc2d5917a0ad582ec4
  languageName: node
  linkType: hard

"arg@npm:^4.1.0":
  version: 4.1.3
  resolution: "arg@npm:4.1.3"
  checksum: 544af8dd3f60546d3e4aff084d451b96961d2267d668670199692f8d054f0415d86fc5497d0e641e91546f0aa920e7c29e5250e99fc89f5552a34b5d93b77f43
  languageName: node
  linkType: hard

"asynckit@npm:^0.4.0":
  version: 0.4.0
  resolution: "asynckit@npm:0.4.0"
  checksum: 7b78c451df768adba04e2d02e63e2d0bf3b07adcd6e42b4cf665cb7ce899bedd344c69a1dcbce355b5f972d597b25aaa1c1742b52cffd9caccb22f348114f6be
  languageName: node
  linkType: hard

"axios@npm:^0.21.1":
  version: 0.21.4
  resolution: "axios@npm:0.21.4"
  dependencies:
    follow-redirects: ^1.14.0
  checksum: 44245f24ac971e7458f3120c92f9d66d1fc695e8b97019139de5b0cc65d9b8104647db01e5f46917728edfc0cfd88eb30fc4c55e6053eef4ace76768ce95ff3c
  languageName: node
  linkType: hard

"base-path-converter@npm:^1.0.2":
  version: 1.0.2
  resolution: "base-path-converter@npm:1.0.2"
  checksum: 9fca25198e4588ab46389426ee51b81d296000dbb132fe9228b90f93d0f89dead66468f63da37519e972c634c1ccfe136442c300b9762fb83265532cf2ac32e0
  languageName: node
  linkType: hard

"base-x@npm:^3.0.2, base-x@npm:^3.0.8":
  version: 3.0.9
  resolution: "base-x@npm:3.0.9"
  dependencies:
    safe-buffer: ^5.0.1
  checksum: 957101d6fd09e1903e846fd8f69fd7e5e3e50254383e61ab667c725866bec54e5ece5ba49ce385128ae48f9ec93a26567d1d5ebb91f4d56ef4a9cc0d5a5481e8
  languageName: node
  linkType: hard

"base64-js@npm:^1.3.1":
  version: 1.5.1
  resolution: "base64-js@npm:1.5.1"
  checksum: 669632eb3745404c2f822a18fc3a0122d2f9a7a13f7fb8b5823ee19d1d2ff9ee5b52c53367176ea4ad093c332fd5ab4bd0ebae5a8e27917a4105a4cfc86b1005
  languageName: node
  linkType: hard

"bs-logger@npm:0.x":
  version: 0.2.6
  resolution: "bs-logger@npm:0.2.6"
  dependencies:
    fast-json-stable-stringify: 2.x
  checksum: d34bdaf68c64bd099ab97c3ea608c9ae7d3f5faa1178b3f3f345acd94e852e608b2d4f9103fb2e503f5e69780e98293df41691b84be909b41cf5045374d54606
  languageName: node
  linkType: hard

"bs58@npm:^4.0.1":
  version: 4.0.1
  resolution: "bs58@npm:4.0.1"
  dependencies:
    base-x: ^3.0.2
  checksum: b3c5365bb9e0c561e1a82f1a2d809a1a692059fae016be233a6127ad2f50a6b986467c3a50669ce4c18929dcccb297c5909314dd347a25a68c21b68eb3e95ac2
  languageName: node
  linkType: hard

"buffer-from@npm:^1.0.0":
  version: 1.1.2
  resolution: "buffer-from@npm:1.1.2"
  checksum: 0448524a562b37d4d7ed9efd91685a5b77a50672c556ea254ac9a6d30e3403a517d8981f10e565db24e8339413b43c97ca2951f10e399c6125a0d8911f5679bb
  languageName: node
  linkType: hard

"buffer@npm:^5.5.0, buffer@npm:^5.6.0":
  version: 5.7.1
  resolution: "buffer@npm:5.7.1"
  dependencies:
    base64-js: ^1.3.1
    ieee754: ^1.1.13
  checksum: e2cf8429e1c4c7b8cbd30834ac09bd61da46ce35f5c22a78e6c2f04497d6d25541b16881e30a019c6fd3154150650ccee27a308eff3e26229d788bbdeb08ab84
  languageName: node
  linkType: hard

"chalk@npm:^4.0.0":
  version: 4.1.2
  resolution: "chalk@npm:4.1.2"
  dependencies:
    ansi-styles: ^4.1.0
    supports-color: ^7.1.0
  checksum: fe75c9d5c76a7a98d45495b91b2172fa3b7a09e0cc9370e5c8feb1c567b85c4288e2b3fded7cfdd7359ac28d6b3844feb8b82b8686842e93d23c827c417e83fc
  languageName: node
  linkType: hard

"ci-info@npm:^3.2.0":
  version: 3.3.0
  resolution: "ci-info@npm:3.3.0"
  checksum: c3d86fe374938ecda5093b1ba39acb535d8309185ba3f23587747c6a057e63f45419b406d880304dbc0e1d72392c9a33e42fe9a1e299209bc0ded5efaa232b66
  languageName: node
  linkType: hard

"cids@npm:~0.7.0":
  version: 0.7.5
  resolution: "cids@npm:0.7.5"
  dependencies:
    buffer: ^5.5.0
    class-is: ^1.1.0
    multibase: ~0.6.0
    multicodec: ^1.0.0
    multihashes: ~0.4.15
  checksum: 54aa031bef76b08a2c934237696a4af2cfc8afb5d2727cb39ab69f6ac142ef312b9a0c6070dc2b4be0a43076d8961339d8bf85287773c647b3d1d25ce203f325
  languageName: node
  linkType: hard

"cids@npm:~0.8.0":
  version: 0.8.3
  resolution: "cids@npm:0.8.3"
  dependencies:
    buffer: ^5.6.0
    class-is: ^1.1.0
    multibase: ^1.0.0
    multicodec: ^1.0.1
    multihashes: ^1.0.1
  checksum: ca4b18e421a6f5e446e63f296ad5c91b55bd4dd4880a78777857b2279460259946691d383928503c4381f0e05f998c7bfab5b6e623acc2d4d237571d99c53d9d
  languageName: node
  linkType: hard

"class-is@npm:^1.1.0":
  version: 1.1.0
  resolution: "class-is@npm:1.1.0"
  checksum: 49024de3b264fc501a38dd59d8668f1a2b4973fa6fcef6b83d80fe6fe99a2000a8fbea5b50d4607169c65014843c9f6b41a4f8473df806c1b4787b4d47521880
  languageName: node
  linkType: hard

"color-convert@npm:^2.0.1":
  version: 2.0.1
  resolution: "color-convert@npm:2.0.1"
  dependencies:
    color-name: ~1.1.4
  checksum: 79e6bdb9fd479a205c71d89574fccfb22bd9053bd98c6c4d870d65c132e5e904e6034978e55b43d69fcaa7433af2016ee203ce76eeba9cfa554b373e7f7db336
  languageName: node
  linkType: hard

"color-name@npm:~1.1.4":
  version: 1.1.4
  resolution: "color-name@npm:1.1.4"
  checksum: b0445859521eb4021cd0fb0cc1a75cecf67fceecae89b63f62b201cca8d345baf8b952c966862a9d9a2632987d4f6581f0ec8d957dfacece86f0a7919316f610
  languageName: node
  linkType: hard

"combined-stream@npm:^1.0.6":
  version: 1.0.8
  resolution: "combined-stream@npm:1.0.8"
  dependencies:
    delayed-stream: ~1.0.0
  checksum: 49fa4aeb4916567e33ea81d088f6584749fc90c7abec76fd516bf1c5aa5c79f3584b5ba3de6b86d26ddd64bae5329c4c7479343250cfe71c75bb366eae53bb7c
  languageName: node
  linkType: hard

"create-require@npm:^1.1.0":
  version: 1.1.1
  resolution: "create-require@npm:1.1.1"
  checksum: a9a1503d4390d8b59ad86f4607de7870b39cad43d929813599a23714831e81c520bddf61bcdd1f8e30f05fd3a2b71ae8538e946eb2786dc65c2bbc520f692eff
  languageName: node
  linkType: hard

"delayed-stream@npm:~1.0.0":
  version: 1.0.0
  resolution: "delayed-stream@npm:1.0.0"
  checksum: 46fe6e83e2cb1d85ba50bd52803c68be9bd953282fa7096f51fc29edd5d67ff84ff753c51966061e5ba7cb5e47ef6d36a91924eddb7f3f3483b1c560f77a0020
  languageName: node
  linkType: hard

"diff@npm:^4.0.1":
  version: 4.0.2
  resolution: "diff@npm:4.0.2"
  checksum: f2c09b0ce4e6b301c221addd83bf3f454c0bc00caa3dd837cf6c127d6edf7223aa2bbe3b688feea110b7f262adbfc845b757c44c8a9f8c0c5b15d8fa9ce9d20d
  languageName: node
  linkType: hard

"fast-json-stable-stringify@npm:2.x":
  version: 2.1.0
  resolution: "fast-json-stable-stringify@npm:2.1.0"
  checksum: b191531e36c607977e5b1c47811158733c34ccb3bfde92c44798929e9b4154884378536d26ad90dfecd32e1ffc09c545d23535ad91b3161a27ddbb8ebe0cbecb
  languageName: node
  linkType: hard

"follow-redirects@npm:^1.14.0":
  version: 1.14.9
  resolution: "follow-redirects@npm:1.14.9"
  peerDependenciesMeta:
    debug:
      optional: true
  checksum: f5982e0eb481818642492d3ca35a86989c98af1128b8e1a62911a3410621bc15d2b079e8170b35b19d3bdee770b73ed431a257ed86195af773771145baa57845
  languageName: node
  linkType: hard

"form-data@npm:^2.3.3":
  version: 2.5.1
  resolution: "form-data@npm:2.5.1"
  dependencies:
    asynckit: ^0.4.0
    combined-stream: ^1.0.6
    mime-types: ^2.1.12
  checksum: 5134ada56cc246b293a1ac7678dba6830000603a3979cf83ff7b2f21f2e3725202237cfb89e32bcb38a1d35727efbd3c3a22e65b42321e8ade8eec01ce755d08
  languageName: node
  linkType: hard

"graceful-fs@npm:^4.2.9":
  version: 4.2.9
  resolution: "graceful-fs@npm:4.2.9"
  checksum: 68ea4e07ff2c041ada184f9278b830375f8e0b75154e3f080af6b70f66172fabb4108d19b3863a96b53fc068a310b9b6493d86d1291acc5f3861eb4b79d26ad6
  languageName: node
  linkType: hard

"has-flag@npm:^4.0.0":
  version: 4.0.0
  resolution: "has-flag@npm:4.0.0"
  checksum: 261a1357037ead75e338156b1f9452c016a37dcd3283a972a30d9e4a87441ba372c8b81f818cd0fbcd9c0354b4ae7e18b9e1afa1971164aef6d18c2b6095a8ad
  languageName: node
  linkType: hard

"ieee754@npm:^1.1.13":
  version: 1.2.1
  resolution: "ieee754@npm:1.2.1"
  checksum: 5144c0c9815e54ada181d80a0b810221a253562422e7c6c3a60b1901154184f49326ec239d618c416c1c5945a2e197107aee8d986a3dd836b53dffefd99b5e7e
  languageName: node
  linkType: hard

"ip-regex@npm:^4.0.0":
  version: 4.3.0
  resolution: "ip-regex@npm:4.3.0"
  checksum: 7ff904b891221b1847f3fdf3dbb3e6a8660dc39bc283f79eb7ed88f5338e1a3d1104b779bc83759159be266249c59c2160e779ee39446d79d4ed0890dfd06f08
  languageName: node
  linkType: hard

"is-ip@npm:^3.1.0":
  version: 3.1.0
  resolution: "is-ip@npm:3.1.0"
  dependencies:
    ip-regex: ^4.0.0
  checksum: da2c2b282407194adf2320bade0bad94be9c9d0bdab85ff45b1b62d8185f31c65dff3884519d57bf270277e5ea2046c7916a6e5a6db22fe4b7ddcdd3760f23eb
  languageName: node
  linkType: hard

"is-ipfs@npm:^0.6.0":
  version: 0.6.3
  resolution: "is-ipfs@npm:0.6.3"
  dependencies:
    bs58: ^4.0.1
    cids: ~0.7.0
    mafmt: ^7.0.0
    multiaddr: ^7.2.1
    multibase: ~0.6.0
    multihashes: ~0.4.13
  checksum: 10670511dc954e56512449e38faae43b6b36f29dd0132911d951db6e988d6af9daa1f8fb54f16867a17540f0338050addb2a0c1ceba6482a059913031e441ee4
  languageName: node
  linkType: hard

"jest-util@npm:^27.0.0":
  version: 27.5.1
  resolution: "jest-util@npm:27.5.1"
  dependencies:
    "@jest/types": ^27.5.1
    "@types/node": "*"
    chalk: ^4.0.0
    ci-info: ^3.2.0
    graceful-fs: ^4.2.9
    picomatch: ^2.2.3
  checksum: ac8d122f6daf7a035dcea156641fd3701aeba245417c40836a77e35b3341b9c02ddc5d904cfcd4ddbaa00ab854da76d3b911870cafdcdbaff90ea471de26c7d7
  languageName: node
  linkType: hard

"json5@npm:2.x":
  version: 2.2.1
  resolution: "json5@npm:2.2.1"
  bin:
    json5: lib/cli.js
  checksum: 74b8a23b102a6f2bf2d224797ae553a75488b5adbaee9c9b6e5ab8b510a2fc6e38f876d4c77dea672d4014a44b2399e15f2051ac2b37b87f74c0c7602003543b
  languageName: node
  linkType: hard

"json5@npm:^1.0.1":
  version: 1.0.1
  resolution: "json5@npm:1.0.1"
  dependencies:
    minimist: ^1.2.0
  bin:
    json5: lib/cli.js
  checksum: e76ea23dbb8fc1348c143da628134a98adf4c5a4e8ea2adaa74a80c455fc2cdf0e2e13e6398ef819bfe92306b610ebb2002668ed9fc1af386d593691ef346fc3
  languageName: node
  linkType: hard

"lodash.memoize@npm:4.x":
  version: 4.1.2
  resolution: "lodash.memoize@npm:4.1.2"
  checksum: 9ff3942feeccffa4f1fafa88d32f0d24fdc62fd15ded5a74a5f950ff5f0c6f61916157246744c620173dddf38d37095a92327d5fd3861e2063e736a5c207d089
  languageName: node
  linkType: hard

"lru-cache@npm:^6.0.0":
  version: 6.0.0
  resolution: "lru-cache@npm:6.0.0"
  dependencies:
    yallist: ^4.0.0
  checksum: f97f499f898f23e4585742138a22f22526254fdba6d75d41a1c2526b3b6cc5747ef59c5612ba7375f42aca4f8461950e925ba08c991ead0651b4918b7c978297
  languageName: node
  linkType: hard

"mafmt@npm:^7.0.0":
  version: 7.1.0
  resolution: "mafmt@npm:7.1.0"
  dependencies:
    multiaddr: ^7.3.0
  checksum: 5d891f2007e99e6bee0b741b07f65ab81c4bce4a0baab08d97f2b34a72a0b7647e3b6a36a3377162adf56faed18be9a62bc772ef64a4f15e65ea4d034be705f0
  languageName: node
  linkType: hard

"make-error@npm:1.x, make-error@npm:^1.1.1":
  version: 1.3.6
  resolution: "make-error@npm:1.3.6"
  checksum: b86e5e0e25f7f777b77fabd8e2cbf15737972869d852a22b7e73c17623928fccb826d8e46b9951501d3f20e51ad74ba8c59ed584f610526a48f8ccf88aaec402
  languageName: node
  linkType: hard

"mime-db@npm:1.52.0":
  version: 1.52.0
  resolution: "mime-db@npm:1.52.0"
  checksum: 0d99a03585f8b39d68182803b12ac601d9c01abfa28ec56204fa330bc9f3d1c5e14beb049bafadb3dbdf646dfb94b87e24d4ec7b31b7279ef906a8ea9b6a513f
  languageName: node
  linkType: hard

"mime-types@npm:^2.1.12":
  version: 2.1.35
  resolution: "mime-types@npm:2.1.35"
  dependencies:
    mime-db: 1.52.0
  checksum: 89a5b7f1def9f3af5dad6496c5ed50191ae4331cc5389d7c521c8ad28d5fdad2d06fd81baf38fed813dc4e46bb55c8145bb0ff406330818c9cf712fb2e9b3836
  languageName: node
  linkType: hard

"minimist@npm:^1.2.0, minimist@npm:^1.2.6":
  version: 1.2.6
  resolution: "minimist@npm:1.2.6"
  checksum: d15428cd1e11eb14e1233bcfb88ae07ed7a147de251441d61158619dfb32c4d7e9061d09cab4825fdee18ecd6fce323228c8c47b5ba7cd20af378ca4048fb3fb
  languageName: node
  linkType: hard

"multiaddr@npm:^7.2.1, multiaddr@npm:^7.3.0":
  version: 7.5.0
  resolution: "multiaddr@npm:7.5.0"
  dependencies:
    buffer: ^5.5.0
    cids: ~0.8.0
    class-is: ^1.1.0
    is-ip: ^3.1.0
    multibase: ^0.7.0
    varint: ^5.0.0
  checksum: b1228f75af074f7797c37e5701c32732ccbb8828543d24f1a4b39a164c9407d8ae3a6783860fffd5956939d34acf21f76dae426c2dd6f5f598482c70eeae31cc
  languageName: node
  linkType: hard

"multibase@npm:^0.7.0":
  version: 0.7.0
  resolution: "multibase@npm:0.7.0"
  dependencies:
    base-x: ^3.0.8
    buffer: ^5.5.0
  checksum: 3a520897d706b3064b59ddee286a9e1a5b35bb19bd830f93d7ddecdbf69fa46648c8fda0fec49a5d4640b8b7ac9d5fe360417d6de2906599aa535f55bf6b8e58
  languageName: node
  linkType: hard

"multibase@npm:^1.0.0, multibase@npm:^1.0.1":
  version: 1.0.1
  resolution: "multibase@npm:1.0.1"
  dependencies:
    base-x: ^3.0.8
    buffer: ^5.5.0
  checksum: 5d34398f81dca137aafe65a171ed5d637cf789bebb4fd33e11c186bfecbe6435a3d4f5c0cf15282607215ccc3a55ff4150a42067e7bc7756a42554e5fbc6d0d5
  languageName: node
  linkType: hard

"multibase@npm:~0.6.0":
  version: 0.6.1
  resolution: "multibase@npm:0.6.1"
  dependencies:
    base-x: ^3.0.8
    buffer: ^5.5.0
  checksum: 0e25a978d2b5cf73e4cce31d032bad85230ea99e9394d259210f676a76539316e7c51bd7dcc9d83523ec7ea1f0e7a3353c5f69397639d78be9acbefa29431faa
  languageName: node
  linkType: hard

"multicodec@npm:^1.0.0, multicodec@npm:^1.0.1":
  version: 1.0.4
  resolution: "multicodec@npm:1.0.4"
  dependencies:
    buffer: ^5.6.0
    varint: ^5.0.0
  checksum: e6a2916fa76c023b1c90b32ae74f8a781cf0727f71660b245a5ed1db46add6f2ce1586bee5713b16caf0a724e81bfe0678d89910c20d3bb5fd9649dacb2be79e
  languageName: node
  linkType: hard

"multihashes@npm:^1.0.1":
  version: 1.0.1
  resolution: "multihashes@npm:1.0.1"
  dependencies:
    buffer: ^5.6.0
    multibase: ^1.0.1
    varint: ^5.0.0
  checksum: 21e338dfb23900f7c038ac708fab598b33bc3d8d02f636ff753969c575b934f979dec76936ca142c6fd126a8bd030f7f391a44a3681c92cab28311c8b0b70589
  languageName: node
  linkType: hard

"multihashes@npm:~0.4.13, multihashes@npm:~0.4.15":
  version: 0.4.21
  resolution: "multihashes@npm:0.4.21"
  dependencies:
    buffer: ^5.5.0
    multibase: ^0.7.0
    varint: ^5.0.0
  checksum: 688731560cf7384e899dc75c0da51e426eb7d058c5ea5eb57b224720a1108deb8797f1cd7f45599344d512d2877de99dd6a7b7773a095812365dea4ffe6ebd4c
  languageName: node
  linkType: hard

"picomatch@npm:^2.2.3":
  version: 2.3.1
  resolution: "picomatch@npm:2.3.1"
  checksum: 050c865ce81119c4822c45d3c84f1ced46f93a0126febae20737bd05ca20589c564d6e9226977df859ed5e03dc73f02584a2b0faad36e896936238238b0446cf
  languageName: node
  linkType: hard

"prettier@npm:^2.5.1":
  version: 2.6.1
  resolution: "prettier@npm:2.6.1"
  bin:
    prettier: bin-prettier.js
  checksum: 78be1f8a3ddfad7c3d8a854b6c8941a3bb1ddfca4225c38d778e0fe1029a55368f71b3bbefff82c689015fbb4d391ec44add957f01308ad2725e01a7c1f37cb6
  languageName: node
  linkType: hard

"recursive-fs@npm:^1.1.2":
  version: 1.1.2
  resolution: "recursive-fs@npm:1.1.2"
  bin:
    recursive-copy: ./bin/recursive-copy
    recursive-delete: ./bin/recursive-delete
  checksum: 6b330d2e6b1359b179736c77ecdf64cc98e778fde676ca7b39b3ea6045dbab4d659d625ffb45e1c31871e8ee2c9bc73f9cf72f661baecf1053677614ceef0989
  languageName: node
  linkType: hard

"safe-buffer@npm:^5.0.1":
  version: 5.2.1
  resolution: "safe-buffer@npm:5.2.1"
  checksum: b99c4b41fdd67a6aaf280fcd05e9ffb0813654894223afb78a31f14a19ad220bba8aba1cb14eddce1fcfb037155fe6de4e861784eb434f7d11ed58d1e70dd491
  languageName: node
  linkType: hard

"scripts@workspace:.":
  version: 0.0.0-use.local
  resolution: "scripts@workspace:."
  dependencies:
    "@pinata/sdk": ^1.1.24
    "@tsconfig/node16": ^1.0.2
    "@types/eslint": ^8
    "@types/node": ^17.0.21
    "@types/prettier": ^2
    prettier: ^2.5.1
    ts-jest: ^27.1.3
    ts-node: ^10.7.0
    tsconfig-paths: ^3.14.0
    tslib: ^2.3.1
    tslog: ^3.3.2
    typescript: ^4.6.2
  languageName: unknown
  linkType: soft

"semver@npm:7.x":
  version: 7.3.5
  resolution: "semver@npm:7.3.5"
  dependencies:
    lru-cache: ^6.0.0
  bin:
    semver: bin/semver.js
  checksum: 5eafe6102bea2a7439897c1856362e31cc348ccf96efd455c8b5bc2c61e6f7e7b8250dc26b8828c1d76a56f818a7ee907a36ae9fb37a599d3d24609207001d60
  languageName: node
  linkType: hard

"source-map-support@npm:^0.5.21":
  version: 0.5.21
  resolution: "source-map-support@npm:0.5.21"
  dependencies:
    buffer-from: ^1.0.0
    source-map: ^0.6.0
  checksum: 43e98d700d79af1d36f859bdb7318e601dfc918c7ba2e98456118ebc4c4872b327773e5a1df09b0524e9e5063bb18f0934538eace60cca2710d1fa687645d137
  languageName: node
  linkType: hard

"source-map@npm:^0.6.0":
  version: 0.6.1
  resolution: "source-map@npm:0.6.1"
  checksum: 59ce8640cf3f3124f64ac289012c2b8bd377c238e316fb323ea22fbfe83da07d81e000071d7242cad7a23cd91c7de98e4df8830ec3f133cb6133a5f6e9f67bc2
  languageName: node
  linkType: hard

"strip-bom@npm:^3.0.0":
  version: 3.0.0
  resolution: "strip-bom@npm:3.0.0"
  checksum: 8d50ff27b7ebe5ecc78f1fe1e00fcdff7af014e73cf724b46fb81ef889eeb1015fc5184b64e81a2efe002180f3ba431bdd77e300da5c6685d702780fbf0c8d5b
  languageName: node
  linkType: hard

"supports-color@npm:^7.1.0":
  version: 7.2.0
  resolution: "supports-color@npm:7.2.0"
  dependencies:
    has-flag: ^4.0.0
  checksum: 3dda818de06ebbe5b9653e07842d9479f3555ebc77e9a0280caf5a14fb877ffee9ed57007c3b78f5a6324b8dbeec648d9e97a24e2ed9fdb81ddc69ea07100f4a
  languageName: node
  linkType: hard

"ts-jest@npm:^27.1.3":
  version: 27.1.4
  resolution: "ts-jest@npm:27.1.4"
  dependencies:
    bs-logger: 0.x
    fast-json-stable-stringify: 2.x
    jest-util: ^27.0.0
    json5: 2.x
    lodash.memoize: 4.x
    make-error: 1.x
    semver: 7.x
    yargs-parser: 20.x
  peerDependencies:
    "@babel/core": ">=7.0.0-beta.0 <8"
    "@types/jest": ^27.0.0
    babel-jest: ">=27.0.0 <28"
    jest: ^27.0.0
    typescript: ">=3.8 <5.0"
  peerDependenciesMeta:
    "@babel/core":
      optional: true
    "@types/jest":
      optional: true
    babel-jest:
      optional: true
    esbuild:
      optional: true
  bin:
    ts-jest: cli.js
  checksum: d2cc2719ed2884a880ab50d2c14c311834be9c88bc79d0064fa0189afce5c296d7676314d26cc3f7e82ddd52df272c2d4137a832c89616f30cbe8f43e30f9a29
  languageName: node
  linkType: hard

"ts-node@npm:^10.7.0":
  version: 10.7.0
  resolution: "ts-node@npm:10.7.0"
  dependencies:
    "@cspotcode/source-map-support": 0.7.0
    "@tsconfig/node10": ^1.0.7
    "@tsconfig/node12": ^1.0.7
    "@tsconfig/node14": ^1.0.0
    "@tsconfig/node16": ^1.0.2
    acorn: ^8.4.1
    acorn-walk: ^8.1.1
    arg: ^4.1.0
    create-require: ^1.1.0
    diff: ^4.0.1
    make-error: ^1.1.1
    v8-compile-cache-lib: ^3.0.0
    yn: 3.1.1
  peerDependencies:
    "@swc/core": ">=1.2.50"
    "@swc/wasm": ">=1.2.50"
    "@types/node": "*"
    typescript: ">=2.7"
  peerDependenciesMeta:
    "@swc/core":
      optional: true
    "@swc/wasm":
      optional: true
  bin:
    ts-node: dist/bin.js
    ts-node-cwd: dist/bin-cwd.js
    ts-node-esm: dist/bin-esm.js
    ts-node-script: dist/bin-script.js
    ts-node-transpile-only: dist/bin-transpile.js
    ts-script: dist/bin-script-deprecated.js
  checksum: 2a379e43f7478d0b79e1e63af91fe222d83857727957df4bd3bdf3c0a884de5097b12feb9bbf530074526b8874c0338b0e6328cf334f3a5e2c49c71e837273f7
  languageName: node
  linkType: hard

"tsconfig-paths@npm:^3.14.0":
  version: 3.14.1
  resolution: "tsconfig-paths@npm:3.14.1"
  dependencies:
    "@types/json5": ^0.0.29
    json5: ^1.0.1
    minimist: ^1.2.6
    strip-bom: ^3.0.0
  checksum: 8afa01c673ebb4782ba53d3a12df97fa837ce524f8ad38ee4e2b2fd57f5ac79abc21c574e9e9eb014d93efe7fe8214001b96233b5c6ea75bd1ea82afe17a4c6d
  languageName: node
  linkType: hard

"tslib@npm:^2.3.1":
  version: 2.3.1
  resolution: "tslib@npm:2.3.1"
  checksum: de17a98d4614481f7fcb5cd53ffc1aaf8654313be0291e1bfaee4b4bb31a20494b7d218ff2e15017883e8ea9626599b3b0e0229c18383ba9dce89da2adf15cb9
  languageName: node
  linkType: hard

"tslog@npm:^3.3.2":
  version: 3.3.3
  resolution: "tslog@npm:3.3.3"
  dependencies:
    source-map-support: ^0.5.21
  checksum: ae84f4056865ad2d5a1f33d491387e4fd6c24642a08ccc29b8fcebce20784e94ef8b5863df5a5f85ec881125abc2b6b8b3aa022d2401a3716643332158346720
  languageName: node
  linkType: hard

"typescript@npm:^4.6.2":
  version: 4.6.3
  resolution: "typescript@npm:4.6.3"
  bin:
    tsc: bin/tsc
    tsserver: bin/tsserver
  checksum: 255bb26c8cb846ca689dd1c3a56587af4f69055907aa2c154796ea28ee0dea871535b1c78f85a6212c77f2657843a269c3a742d09d81495b97b914bf7920415b
  languageName: node
  linkType: hard

"typescript@patch:typescript@^4.6.2#~builtin<compat/typescript>":
  version: 4.6.3
  resolution: "typescript@patch:typescript@npm%3A4.6.3#~builtin<compat/typescript>::version=4.6.3&hash=bda367"
  bin:
    tsc: bin/tsc
    tsserver: bin/tsserver
  checksum: 6bf45caf847062420592e711bc9c28bf5f9a9a7fa8245343b81493e4ededae33f1774009d1234d911422d1646a2c839f44e1a23ecb111b40a60ac2ea4c1482a8
  languageName: node
  linkType: hard

"v8-compile-cache-lib@npm:^3.0.0":
  version: 3.0.0
  resolution: "v8-compile-cache-lib@npm:3.0.0"
  checksum: 674e312bbca796584b61dc915f33c7e7dc4e06d196e0048cb772c8964493a1ec723f1dd014d9419fd55c24a6eae148f60769da23f622e05cd13268063fa1ed6b
  languageName: node
  linkType: hard

"varint@npm:^5.0.0":
  version: 5.0.2
  resolution: "varint@npm:5.0.2"
  checksum: e1a66bf9a6cea96d1f13259170d4d41b845833acf3a9df990ea1e760d279bd70d5b1f4c002a50197efd2168a2fd43eb0b808444600fd4d23651e8d42fe90eb05
  languageName: node
  linkType: hard

"yallist@npm:^4.0.0":
  version: 4.0.0
  resolution: "yallist@npm:4.0.0"
  checksum: 343617202af32df2a15a3be36a5a8c0c8545208f3d3dfbc6bb7c3e3b7e8c6f8e7485432e4f3b88da3031a6e20afa7c711eded32ddfb122896ac5d914e75848d5
  languageName: node
  linkType: hard

"yargs-parser@npm:20.x":
  version: 20.2.9
  resolution: "yargs-parser@npm:20.2.9"
  checksum: 8bb69015f2b0ff9e17b2c8e6bfe224ab463dd00ca211eece72a4cd8a906224d2703fb8a326d36fdd0e68701e201b2a60ed7cf81ce0fd9b3799f9fe7745977ae3
  languageName: node
  linkType: hard

"yn@npm:3.1.1":
  version: 3.1.1
  resolution: "yn@npm:3.1.1"
  checksum: 2c487b0e149e746ef48cda9f8bad10fc83693cd69d7f9dcd8be4214e985de33a29c9e24f3c0d6bcf2288427040a8947406ab27f7af67ee9456e6b84854f02dd6
  languageName: node
  linkType: hard
